
Microsoft Visual Studio Solution File, Format Version 12.00
# Visual Studio Version 17
VisualStudioVersion = 17.0.31903.59
MinimumVisualStudioVersion = 10.0.40219.1
Project("{2150E333-8FDC-42A3-9474-1A3956D46DE8}") = "src", "src", "{9A572710-EBEF-4841-8CC0-545C389EB7F2}"
EndProject
Project("{FAE04EC0-301F-11D3-BF4B-00C04F79EFBC}") = "AilurusBrowserProject", "src\AilurusBrowserProject\AilurusBrowserProject.csproj", "{5E0A1259-60A9-44C9-A550-E0CBF4AA7BD3}"
EndProject
Project("{2150E333-8FDC-42A3-9474-1A3956D46DE8}") = "tests", "tests", "{1718792B-50FA-40CF-A5E1-658C6961C26D}"
EndProject
Project("{FAE04EC0-301F-11D3-BF4B-00C04F79EFBC}") = "AilurusBrowserProject.Tests", "tests\AilurusBrowserProject.Tests\AilurusBrowserProject.Tests.csproj", "{9D42D1DB-E61E-4403-A168-D626D1E376CE}"
EndProject
Global
	GlobalSection(SolutionConfigurationPlatforms) = preSolution
		Debug|Any CPU = Debug|Any CPU
		Release|Any CPU = Release|Any CPU
	EndGlobalSection
	GlobalSection(SolutionProperties) = preSolution
		HideSolutionNode = FALSE
	EndGlobalSection
	GlobalSection(ProjectConfigurationPlatforms) = postSolution
		{5E0A1259-60A9-44C9-A550-E0CBF4AA7BD3}.Debug|Any CPU.ActiveCfg = Debug|Any CPU
		{5E0A1259-60A9-44C9-A550-E0CBF4AA7BD3}.Debug|Any CPU.Build.0 = Debug|Any CPU
		{5E0A1259-60A9-44C9-A550-E0CBF4AA7BD3}.Release|Any CPU.ActiveCfg = Release|Any CPU
		{5E0A1259-60A9-44C9-A550-E0CBF4AA7BD3}.Release|Any CPU.Build.0 = Release|Any CPU
		{9D42D1DB-E61E-4403-A168-D626D1E376CE}.Debug|Any CPU.ActiveCfg = Debug|Any CPU
		{9D42D1DB-E61E-4403-A168-D626D1E376CE}.Debug|Any CPU.Build.0 = Debug|Any CPU
		{9D42D1DB-E61E-4403-A168-D626D1E376CE}.Release|Any CPU.ActiveCfg = Release|Any CPU
		{9D42D1DB-E61E-4403-A168-D626D1E376CE}.Release|Any CPU.Build.0 = Release|Any CPU
	EndGlobalSection
	GlobalSection(NestedProjects) = preSolution
		{5E0A1259-60A9-44C9-A550-E0CBF4AA7BD3} = {9A572710-EBEF-4841-8CC0-545C389EB7F2}
		{9D42D1DB-E61E-4403-A168-D626D1E376CE} = {1718792B-50FA-40CF-A5E1-658C6961C26D}
	EndGlobalSection
EndGlobal
